# This file is automatically @generated by Poetry 1.8.2 and should not be changed by hand.

[[package]]
name = "directory-tree"
version = "1.0.0"
description = "Utility Package that Displays out the Tree Structure of a Particular Directory."
optional = false
python-versions = "*"
files = [
    {file = "directory_tree-1.0.0-py3-none-any.whl", hash = "sha256:2484ba5e9d35e087703913cc85e920f08b9b942859b9f5a0eae24699d3364734"},
    {file = "directory_tree-1.0.0.tar.gz", hash = "sha256:d65b404d7e561db62e6321f36c612cd12da2e9fbe5cbae98da73ce14c0ec910d"},
]

[package.extras]
dev = ["pytest (>=3.7)"]

[metadata]
lock-version = "2.0"
python-versions = "^3.8"
content-hash = "f5622d035ab8d45e9a3ce76abdb38e66752187a9e3a4e2926753c540a45aefb7"
